
Microsoft Visual Studio Solution File, Format Version 12.00
# Visual Studio 2013
VisualStudioVersion = 12.0.31101.0
MinimumVisualStudioVersion = 10.0.40219.1
Project("{888888A0-9F3D-457C-B088-3A5042F75D52}") = "Buddy Python SDK", "Buddy Python SDK\Buddy Python SDK.pyproj", "{5CAA69EF-1E86-469F-ABC8-244C537A21EB}"
EndProject
Project("{888888A0-9F3D-457C-B088-3A5042F75D52}") = "BuddyRaspberryPiDaemon", "BuddyRaspberryPiDaemon\BuddyRaspberryPiDaemon.pyproj", "{206DFC09-2980-4D32-86CB-76AA31C44A67}"
EndProject
Global
	GlobalSection(SolutionConfigurationPlatforms) = preSolution
		Debug|Any CPU = Debug|Any CPU
		Release|Any CPU = Release|Any CPU
	EndGlobalSection
	GlobalSection(ProjectConfigurationPlatforms) = postSolution
		{5CAA69EF-1E86-469F-ABC8-244C537A21EB}.Debug|Any CPU.ActiveCfg = Debug|Any CPU
		{5CAA69EF-1E86-469F-ABC8-244C537A21EB}.Release|Any CPU.ActiveCfg = Release|Any CPU
		{206DFC09-2980-4D32-86CB-76AA31C44A67}.Debug|Any CPU.ActiveCfg = Debug|Any CPU
		{206DFC09-2980-4D32-86CB-76AA31C44A67}.Release|Any CPU.ActiveCfg = Release|Any CPU
	EndGlobalSection
	GlobalSection(SolutionProperties) = preSolution
		HideSolutionNode = FALSE
	EndGlobalSection
EndGlobal
